<?xml version="1.0"?>
<plist version="1.0">
	<dict>
		<key>archiveVersion</key>
		<string>1</string>
		<key>classes</key>
		<dict />
		<key>objectVersion</key>
		<string>46</string>
		<key>objects</key>
		<dict>
			<key>AD4DE0EF2FCABE9B92CCB4C3</key>
			<dict>
				<key>fileRef</key>
				<string>5F97D61E141B883C09BE548D</string>
				<key>isa</key>
				<string>PBXBuildFile</string>
			</dict>
			<key>5F97D61E141B883C09BE548D</key>
			<dict>
				<key>explicitFileType</key>
				<string>sourcecode.cpp.cpp</string>
				<key>fileEncoding</key>
				<string>30</string>
				<key>isa</key>
				<string>PBXFileReference</string>
				<key>name</key>
				<string>tinyxmlparser.cpp</string>
				<key>path</key>
				<string>../../../../Development/openFrameworks/addons/ofxXmlSettings/libs/tinyxmlparser.cpp</string>
				<key>sourceTree</key>
				<string>SOURCE_ROOT</string>
			</dict>
			<key>F6A817C573B948C13FA18B9E</key>
			<dict>
				<key>fileRef</key>
				<string>191B7AFA293EBED066380DC3</string>
				<key>isa</key>
				<string>PBXBuildFile</string>
			</dict>
			<key>191B7AFA293EBED066380DC3</key>
			<dict>
				<key>explicitFileType</key>
				<string>sourcecode.cpp.cpp</string>
				<key>fileEncoding</key>
				<string>30</string>
				<key>isa</key>
				<string>PBXFileReference</string>
				<key>name</key>
				<string>tinyxmlerror.cpp</string>
				<key>path</key>
				<string>../../../../Development/openFrameworks/addons/ofxXmlSettings/libs/tinyxmlerror.cpp</string>
				<key>sourceTree</key>
				<string>SOURCE_ROOT</string>
			</dict>
			<key>391E628BA6569B9675049CFE</key>
			<dict>
				<key>explicitFileType</key>
				<string>sourcecode.c.h</string>
				<key>fileEncoding</key>
				<string>30</string>
				<key>isa</key>
				<string>PBXFileReference</string>
				<key>name</key>
				<string>tinyxml.h</string>
				<key>path</key>
				<string>../../../../Development/openFrameworks/addons/ofxXmlSettings/libs/tinyxml.h</string>
				<key>sourceTree</key>
				<string>SOURCE_ROOT</string>
			</dict>
			<key>6E54289412D2D94F45A05113</key>
			<dict>
				<key>children</key>
				<array>
					<string>3BBEEEA98AC19905C6A021ED</string>
					<string>391E628BA6569B9675049CFE</string>
					<string>191B7AFA293EBED066380DC3</string>
					<string>5F97D61E141B883C09BE548D</string>
				</array>
				<key>isa</key>
				<string>PBXGroup</string>
				<key>name</key>
				<string>libs</string>
				<key>sourceTree</key>
				<string>&lt;group&gt;</string>
			</dict>
			<key>48FC330F244CC66A0EDE9497</key>
			<dict>
				<key>fileRef</key>
				<string>3BBEEEA98AC19905C6A021ED</string>
				<key>isa</key>
				<string>PBXBuildFile</string>
			</dict>
			<key>3BBEEEA98AC19905C6A021ED</key>
			<dict>
				<key>explicitFileType</key>
				<string>sourcecode.cpp.cpp</string>
				<key>fileEncoding</key>
				<string>30</string>
				<key>isa</key>
				<string>PBXFileReference</string>
				<key>name</key>
				<string>tinyxml.cpp</string>
				<key>path</key>
				<string>../../../../Development/openFrameworks/addons/ofxXmlSettings/libs/tinyxml.cpp</string>
				<key>sourceTree</key>
				<string>SOURCE_ROOT</string>
			</dict>
			<key>17292E87EB30225FEA2DF526</key>
			<dict>
				<key>explicitFileType</key>
				<string>sourcecode.c.h</string>
				<key>fileEncoding</key>
				<string>30</string>
				<key>isa</key>
				<string>PBXFileReference</string>
				<key>name</key>
				<string>ofxXmlSettings.h</string>
				<key>path</key>
				<string>../../../../Development/openFrameworks/addons/ofxXmlSettings/src/ofxXmlSettings.h</string>
				<key>sourceTree</key>
				<string>SOURCE_ROOT</string>
			</dict>
			<key>6ECEF0D76BC33727823EADFF</key>
			<dict>
				<key>children</key>
				<array>
					<string>B90835A4F3F91436176A4E11</string>
					<string>17292E87EB30225FEA2DF526</string>
				</array>
				<key>isa</key>
				<string>PBXGroup</string>
				<key>name</key>
				<string>src</string>
				<key>sourceTree</key>
				<string>&lt;group&gt;</string>
			</dict>
			<key>1F4FB5C423662B96ADFDCC0B</key>
			<dict>
				<key>children</key>
				<array>
					<string>6ECEF0D76BC33727823EADFF</string>
					<string>6E54289412D2D94F45A05113</string>
				</array>
				<key>isa</key>
				<string>PBXGroup</string>
				<key>name</key>
				<string>ofxXmlSettings</string>
				<key>sourceTree</key>
				<string>&lt;group&gt;</string>
			</dict>
			<key>448FD24D3A3A908F39BC850F</key>
			<dict>
				<key>fileRef</key>
				<string>B90835A4F3F91436176A4E11</string>
				<key>isa</key>
				<string>PBXBuildFile</string>
			</dict>
			<key>B90835A4F3F91436176A4E11</key>
			<dict>
				<key>explicitFileType</key>
				<string>sourcecode.cpp.cpp</string>
				<key>fileEncoding</key>
				<string>30</string>
				<key>isa</key>
				<string>PBXFileReference</string>
				<key>name</key>
				<string>ofxXmlSettings.cpp</string>
				<key>path</key>
				<string>../../../../Development/openFrameworks/addons/ofxXmlSettings/src/ofxXmlSettings.cpp</string>
				<key>sourceTree</key>
				<string>SOURCE_ROOT</string>
			</dict>
			<key>5E573CDC30FBA9056E2E634D</key>
			<dict>
				<key>explicitFileType</key>
				<string>sourcecode.c.h</string>
				<key>fileEncoding</key>
				<string>30</string>
				<key>isa</key>
				<string>PBXFileReference</string>
				<key>name</key>
				<string>ofxUDPManager.h</string>
				<key>path</key>
				<string>../../../../Development/openFrameworks/addons/ofxNetwork/src/ofxUDPManager.h</string>
				<key>sourceTree</key>
				<string>SOURCE_ROOT</string>
			</dict>
			<key>F85AE647E98B6D57C648C9D3</key>
			<dict>
				<key>fileRef</key>
				<string>21C56C02A4AE10C8FA667352</string>
				<key>isa</key>
				<string>PBXBuildFile</string>
			</dict>
			<key>21C56C02A4AE10C8FA667352</key>
			<dict>
				<key>explicitFileType</key>
				<string>sourcecode.cpp.cpp</string>
				<key>fileEncoding</key>
				<string>30</string>
				<key>isa</key>
				<string>PBXFileReference</string>
				<key>name</key>
				<string>ofxUDPManager.cpp</string>
				<key>path</key>
				<string>../../../../Development/openFrameworks/addons/ofxNetwork/src/ofxUDPManager.cpp</string>
				<key>sourceTree</key>
				<string>SOURCE_ROOT</string>
			</dict>
			<key>86D4DDDA2687EC4BECC39352</key>
			<dict>
				<key>explicitFileType</key>
				<string>sourcecode.c.h</string>
				<key>fileEncoding</key>
				<string>30</string>
				<key>isa</key>
				<string>PBXFileReference</string>
				<key>name</key>
				<string>ofxTCPServer.h</string>
				<key>path</key>
				<string>../../../../Development/openFrameworks/addons/ofxNetwork/src/ofxTCPServer.h</string>
				<key>sourceTree</key>
				<string>SOURCE_ROOT</string>
			</dict>
			<key>0389FEAD67BE23F496C4EA55</key>
			<dict>
				<key>fileRef</key>
				<string>A0E89C08B49ED73AF96F8CBB</string>
				<key>isa</key>
				<string>PBXBuildFile</string>
			</dict>
			<key>A0E89C08B49ED73AF96F8CBB</key>
			<dict>
				<key>explicitFileType</key>
				<string>sourcecode.cpp.cpp</string>
				<key>fileEncoding</key>
				<string>30</string>
				<key>isa</key>
				<string>PBXFileReference</string>
				<key>name</key>
				<string>ofxTCPServer.cpp</string>
				<key>path</key>
				<string>../../../../Development/openFrameworks/addons/ofxNetwork/src/ofxTCPServer.cpp</string>
				<key>sourceTree</key>
				<string>SOURCE_ROOT</string>
			</dict>
			<key>B196A8F7FC9401A78CE43FC4</key>
			<dict>
				<key>explicitFileType</key>
				<string>sourcecode.c.h</string>
				<key>fileEncoding</key>
				<string>30</string>
				<key>isa</key>
				<string>PBXFileReference</string>
				<key>name</key>
				<string>ofxTCPManager.h</string>
				<key>path</key>
				<string>../../../../Development/openFrameworks/addons/ofxNetwork/src/ofxTCPManager.h</string>
				<key>sourceTree</key>
				<string>SOURCE_ROOT</string>
			</dict>
			<key>10593705C0581C82EE7C144F</key>
			<dict>
				<key>fileRef</key>
				<string>8C72EE65FD27BB998F1CB93C</string>
				<key>isa</key>
				<string>PBXBuildFile</string>
			</dict>
			<key>8C72EE65FD27BB998F1CB93C</key>
			<dict>
				<key>explicitFileType</key>
				<string>sourcecode.cpp.cpp</string>
				<key>fileEncoding</key>
				<string>30</string>
				<key>isa</key>
				<string>PBXFileReference</string>
				<key>name</key>
				<string>ofxTCPManager.cpp</string>
				<key>path</key>
				<string>../../../../Development/openFrameworks/addons/ofxNetwork/src/ofxTCPManager.cpp</string>
				<key>sourceTree</key>
				<string>SOURCE_ROOT</string>
			</dict>
			<key>7D6181348C44B66C2D410D63</key>
			<dict>
				<key>explicitFileType</key>
				<string>sourcecode.c.h</string>
				<key>fileEncoding</key>
				<string>30</string>
				<key>isa</key>
				<string>PBXFileReference</string>
				<key>name</key>
				<string>ofxTCPClient.h</string>
				<key>path</key>
				<string>../../../../Development/openFrameworks/addons/ofxNetwork/src/ofxTCPClient.h</string>
				<key>sourceTree</key>
				<string>SOURCE_ROOT</string>
			</dict>
			<key>3189869373EA8C9C8F21669E</key>
			<dict>
				<key>fileRef</key>
				<string>A980E47F15E0A997EBAF04C6</string>
				<key>isa</key>
				<string>PBXBuildFile</string>
			</dict>
			<key>A980E47F15E0A997EBAF04C6</key>
			<dict>
				<key>explicitFileType</key>
				<string>sourcecode.cpp.cpp</string>
				<key>fileEncoding</key>
				<string>30</string>
				<key>isa</key>
				<string>PBXFileReference</string>
				<key>name</key>
				<string>ofxTCPClient.cpp</string>
				<key>path</key>
				<string>../../../../Development/openFrameworks/addons/ofxNetwork/src/ofxTCPClient.cpp</string>
				<key>sourceTree</key>
				<string>SOURCE_ROOT</string>
			</dict>
			<key>62E54D5B47E40ADB52E48E25</key>
			<dict>
				<key>explicitFileType</key>
				<string>sourcecode.c.h</string>
				<key>fileEncoding</key>
				<string>30</string>
				<key>isa</key>
				<string>PBXFileReference</string>
				<key>name</key>
				<string>ofxNetworkUtils.h</string>
				<key>path</key>
				<string>../../../../Development/openFrameworks/addons/ofxNetwork/src/ofxNetworkUtils.h</string>
				<key>sourceTree</key>
				<string>SOURCE_ROOT</string>
			</dict>
			<key>219374A14594D121F27FED3A</key>
			<dict>
				<key>children</key>
				<array>
					<string>E319E0768F6F316EAD9DB31F</string>
					<string>62E54D5B47E40ADB52E48E25</string>
					<string>A980E47F15E0A997EBAF04C6</string>
					<string>7D6181348C44B66C2D410D63</string>
					<string>8C72EE65FD27BB998F1CB93C</string>
					<string>B196A8F7FC9401A78CE43FC4</string>
					<string>A0E89C08B49ED73AF96F8CBB</string>
					<string>86D4DDDA2687EC4BECC39352</string>
					<string>21C56C02A4AE10C8FA667352</string>
					<string>5E573CDC30FBA9056E2E634D</string>
				</array>
				<key>isa</key>
				<string>PBXGroup</string>
				<key>name</key>
				<string>src</string>
				<key>sourceTree</key>
				<string>&lt;group&gt;</string>
			</dict>
			<key>18240ECCE4076FB0833A8578</key>
			<dict>
				<key>children</key>
				<array>
					<string>219374A14594D121F27FED3A</string>
				</array>
				<key>isa</key>
				<string>PBXGroup</string>
				<key>name</key>
				<string>ofxNetwork</string>
				<key>sourceTree</key>
				<string>&lt;group&gt;</string>
			</dict>
			<key>E319E0768F6F316EAD9DB31F</key>
			<dict>
				<key>explicitFileType</key>
				<string>sourcecode.c.h</string>
				<key>fileEncoding</key>
				<string>30</string>
				<key>isa</key>
				<string>PBXFileReference</string>
				<key>name</key>
				<string>ofxNetwork.h</string>
				<key>path</key>
				<string>../../../../Development/openFrameworks/addons/ofxNetwork/src/ofxNetwork.h</string>
				<key>sourceTree</key>
				<string>SOURCE_ROOT</string>
			</dict>
			<key>9E0EB1B61ED1F15450D1CDC5</key>
			<dict>
				<key>explicitFileType</key>
				<string>sourcecode.c.h</string>
				<key>fileEncoding</key>
				<string>30</string>
				<key>isa</key>
				<string>PBXFileReference</string>
				<key>name</key>
				<string>simpleLogger.h</string>
				<key>path</key>
				<string>../../../../Development/openFrameworks/addons/ofxControlPanel/src/simpleLogger.h</string>
				<key>sourceTree</key>
				<string>SOURCE_ROOT</string>
			</dict>
			<key>DF4C86C900726DEAF35B3096</key>
			<dict>
				<key>fileRef</key>
				<string>E90E0D6DDB055BF3A0DCF570</string>
				<key>isa</key>
				<string>PBXBuildFile</string>
			</dict>
			<key>E90E0D6DDB055BF3A0DCF570</key>
			<dict>
				<key>explicitFileType</key>
				<string>sourcecode.cpp.cpp</string>
				<key>fileEncoding</key>
				<string>30</string>
				<key>isa</key>
				<string>PBXFileReference</string>
				<key>name</key>
				<string>simpleLogger.cpp</string>
				<key>path</key>
				<string>../../../../Development/openFrameworks/addons/ofxControlPanel/src/simpleLogger.cpp</string>
				<key>sourceTree</key>
				<string>SOURCE_ROOT</string>
			</dict>
			<key>6DEB4926EE3FDB871F6B52D4</key>
			<dict>
				<key>explicitFileType</key>
				<string>sourcecode.c.h</string>
				<key>fileEncoding</key>
				<string>30</string>
				<key>isa</key>
				<string>PBXFileReference</string>
				<key>name</key>
				<string>simpleFileLister.h</string>
				<key>path</key>
				<string>../../../../Development/openFrameworks/addons/ofxControlPanel/src/simpleFileLister.h</string>
				<key>sourceTree</key>
				<string>SOURCE_ROOT</string>
			</dict>
			<key>997585696364F3F382EC20EB</key>
			<dict>
				<key>fileRef</key>
				<string>2F8B382E0C51AE10AB783D3F</string>
				<key>isa</key>
				<string>PBXBuildFile</string>
			</dict>
			<key>2F8B382E0C51AE10AB783D3F</key>
			<dict>
				<key>explicitFileType</key>
				<string>sourcecode.cpp.cpp</string>
				<key>fileEncoding</key>
				<string>30</string>
				<key>isa</key>
				<string>PBXFileReference</string>
				<key>name</key>
				<string>simpleFileLister.cpp</string>
				<key>path</key>
				<string>../../../../Development/openFrameworks/addons/ofxControlPanel/src/simpleFileLister.cpp</string>
				<key>sourceTree</key>
				<string>SOURCE_ROOT</string>
			</dict>
			<key>AC58CBE350733AA12711C546</key>
			<dict>
				<key>explicitFileType</key>
				<string>sourcecode.c.h</string>
				<key>fileEncoding</key>
				<string>30</string>
				<key>isa</key>
				<string>PBXFileReference</string>
				<key>name</key>
				<string>simpleColor.h</string>
				<key>path</key>
				<string>../../../../Development/openFrameworks/addons/ofxControlPanel/src/simpleColor.h</string>
				<key>sourceTree</key>
				<string>SOURCE_ROOT</string>
			</dict>
			<key>E97F4EBE30B150CD021567BA</key>
			<dict>
				<key>fileRef</key>
				<string>9448DB68CC325B17B32FB67A</string>
				<key>isa</key>
				<string>PBXBuildFile</string>
			</dict>
			<key>9448DB68CC325B17B32FB67A</key>
			<dict>
				<key>explicitFileType</key>
				<string>sourcecode.cpp.cpp</string>
				<key>fileEncoding</key>
				<string>30</string>
				<key>isa</key>
				<string>PBXFileReference</string>
				<key>name</key>
				<string>simpleColor.cpp</string>
				<key>path</key>
				<string>../../../../Development/openFrameworks/addons/ofxControlPanel/src/simpleColor.cpp</string>
				<key>sourceTree</key>
				<string>SOURCE_ROOT</string>
			</dict>
			<key>364E589B7457857CA1E248DA</key>
			<dict>
				<key>explicitFileType</key>
				<string>sourcecode.c.h</string>
				<key>fileEncoding</key>
				<string>30</string>
				<key>isa</key>
				<string>PBXFileReference</string>
				<key>name</key>
				<string>ofxControlPanel.h</string>
				<key>path</key>
				<string>../../../../Development/openFrameworks/addons/ofxControlPanel/src/ofxControlPanel.h</string>
				<key>sourceTree</key>
				<string>SOURCE_ROOT</string>
			</dict>
			<key>7C1A08832EEBCB770342B9FC</key>
			<dict>
				<key>fileRef</key>
				<string>604BA8D85F0887C7E34FF584</string>
				<key>isa</key>
				<string>PBXBuildFile</string>
			</dict>
			<key>604BA8D85F0887C7E34FF584</key>
			<dict>
				<key>explicitFileType</key>
				<string>sourcecode.cpp.cpp</string>
				<key>fileEncoding</key>
				<string>30</string>
				<key>isa</key>
				<string>PBXFileReference</string>
				<key>name</key>
				<string>ofxControlPanel.cpp</string>
				<key>path</key>
				<string>../../../../Development/openFrameworks/addons/ofxControlPanel/src/ofxControlPanel.cpp</string>
				<key>sourceTree</key>
				<string>SOURCE_ROOT</string>
			</dict>
			<key>F2F4E8469F1BFC726B56983B</key>
			<dict>
				<key>explicitFileType</key>
				<string>sourcecode.c.h</string>
				<key>fileEncoding</key>
				<string>30</string>
				<key>isa</key>
				<string>PBXFileReference</string>
				<key>name</key>
				<string>guiVariablePointer.h</string>
				<key>path</key>
				<string>../../../../Development/openFrameworks/addons/ofxControlPanel/src/guiVariablePointer.h</string>
				<key>sourceTree</key>
				<string>SOURCE_ROOT</string>
			</dict>
			<key>F16C63054AE18A7403C791F3</key>
			<dict>
				<key>explicitFileType</key>
				<string>sourcecode.c.h</string>
				<key>fileEncoding</key>
				<string>30</string>
				<key>isa</key>
				<string>PBXFileReference</string>
				<key>name</key>
				<string>guiValue.h</string>
				<key>path</key>
				<string>../../../../Development/openFrameworks/addons/ofxControlPanel/src/guiValue.h</string>
				<key>sourceTree</key>
				<string>SOURCE_ROOT</string>
			</dict>
			<key>8E9348FA7E667C0B69489890</key>
			<dict>
				<key>fileRef</key>
				<string>AF38C11C7EFFEB9809BB1F71</string>
				<key>isa</key>
				<string>PBXBuildFile</string>
			</dict>
			<key>AF38C11C7EFFEB9809BB1F71</key>
			<dict>
				<key>explicitFileType</key>
				<string>sourcecode.cpp.cpp</string>
				<key>fileEncoding</key>
				<string>30</string>
				<key>isa</key>
				<string>PBXFileReference</string>
				<key>name</key>
				<string>guiValue.cpp</string>
				<key>path</key>
				<string>../../../../Development/openFrameworks/addons/ofxControlPanel/src/guiValue.cpp</string>
				<key>sourceTree</key>
				<string>SOURCE_ROOT</string>
			</dict>
			<key>D9EE6507CE57DEF5C73E7DD0</key>
			<dict>
				<key>explicitFileType</key>
				<string>sourcecode.c.h</string>
				<key>fileEncoding</key>
				<string>30</string>
				<key>isa</key>
				<string>PBXFileReference</string>
				<key>name</key>
				<string>guiTypeVideo.h</string>
				<key>path</key>
				<string>../../../../Development/openFrameworks/addons/ofxControlPanel/src/guiTypeVideo.h</string>
				<key>sourceTree</key>
				<string>SOURCE_ROOT</string>
			</dict>
			<key>BBFB3F5C13CC51B673D94D25</key>
			<dict>
				<key>fileRef</key>
				<string>DE64DCB36317713BB34EA290</string>
				<key>isa</key>
				<string>PBXBuildFile</string>
			</dict>
			<key>DE64DCB36317713BB34EA290</key>
			<dict>
				<key>explicitFileType</key>
				<string>sourcecode.cpp.cpp</string>
				<key>fileEncoding</key>
				<string>30</string>
				<key>isa</key>
				<string>PBXFileReference</string>
				<key>name</key>
				<string>guiTypeVideo.cpp</string>
				<key>path</key>
				<string>../../../../Development/openFrameworks/addons/ofxControlPanel/src/guiTypeVideo.cpp</string>
				<key>sourceTree</key>
				<string>SOURCE_ROOT</string>
			</dict>
			<key>A4352386327ECF8A5C1E015F</key>
			<dict>
				<key>explicitFileType</key>
				<string>sourcecode.c.h</string>
				<key>fileEncoding</key>
				<string>30</string>
				<key>isa</key>
				<string>PBXFileReference</string>
				<key>name</key>
				<string>guiTypeVairableLister.h</string>
				<key>path</key>
				<string>../../../../Development/openFrameworks/addons/ofxControlPanel/src/guiTypeVairableLister.h</string>
				<key>sourceTree</key>
				<string>SOURCE_ROOT</string>
			</dict>
			<key>2B66DCCDCCBE804B5B2BC8C1</key>
			<dict>
				<key>fileRef</key>
				<string>C9303E42705F6D592A1D28DE</string>
				<key>isa</key>
				<string>PBXBuildFile</string>
			</dict>
			<key>C9303E42705F6D592A1D28DE</key>
			<dict>
				<key>explicitFileType</key>
				<string>sourcecode.cpp.cpp</string>
				<key>fileEncoding</key>
				<string>30</string>
				<key>isa</key>
				<string>PBXFileReference</string>
				<key>name</key>
				<string>guiTypeVairableLister.cpp</string>
				<key>path</key>
				<string>../../../../Development/openFrameworks/addons/ofxControlPanel/src/guiTypeVairableLister.cpp</string>
				<key>sourceTree</key>
				<string>SOURCE_ROOT</string>
			</dict>
			<key>0C78833AE3194957F3412F68</key>
			<dict>
				<key>explicitFileType</key>
				<string>sourcecode.c.h</string>
				<key>fileEncoding</key>
				<string>30</string>
				<key>isa</key>
				<string>PBXFileReference</string>
				<key>name</key>
				<string>guiTypeToggle.h</string>
				<key>path</key>
				<string>../../../../Development/openFrameworks/addons/ofxControlPanel/src/guiTypeToggle.h</string>
				<key>sourceTree</key>
				<string>SOURCE_ROOT</string>
			</dict>
			<key>A83B949DBDC2E4EFFD46EF1C</key>
			<dict>
				<key>fileRef</key>
				<string>77220669EF9A101D92C765D9</string>
				<key>isa</key>
				<string>PBXBuildFile</string>
			</dict>
			<key>77220669EF9A101D92C765D9</key>
			<dict>
				<key>explicitFileType</key>
				<string>sourcecode.cpp.cpp</string>
				<key>fileEncoding</key>
				<string>30</string>
				<key>isa</key>
				<string>PBXFileReference</string>
				<key>name</key>
				<string>guiTypeToggle.cpp</string>
				<key>path</key>
				<string>../../../../Development/openFrameworks/addons/ofxControlPanel/src/guiTypeToggle.cpp</string>
				<key>sourceTree</key>
				<string>SOURCE_ROOT</string>
			</dict>
			<key>5441F8DA19306411EBD97A75</key>
			<dict>
				<key>explicitFileType</key>
				<string>sourcecode.c.h</string>
				<key>fileEncoding</key>
				<string>30</string>
				<key>isa</key>
				<string>PBXFileReference</string>
				<key>name</key>
				<string>guiTypeTextDropDown.h</string>
				<key>path</key>
				<string>../../../../Development/openFrameworks/addons/ofxControlPanel/src/guiTypeTextDropDown.h</string>
				<key>sourceTree</key>
				<string>SOURCE_ROOT</string>
			</dict>
			<key>895454003EB0CB66CA37679A</key>
			<dict>
				<key>fileRef</key>
				<string>C2FE6AB43B54464836A9EAAF</string>
				<key>isa</key>
				<string>PBXBuildFile</string>
			</dict>
			<key>C2FE6AB43B54464836A9EAAF</key>
			<dict>
				<key>explicitFileType</key>
				<string>sourcecode.cpp.cpp</string>
				<key>fileEncoding</key>
				<string>30</string>
				<key>isa</key>
				<string>PBXFileReference</string>
				<key>name</key>
				<string>guiTypeTextDropDown.cpp</string>
				<key>path</key>
				<string>../../../../Development/openFrameworks/addons/ofxControlPanel/src/guiTypeTextDropDown.cpp</string>
				<key>sourceTree</key>
				<string>SOURCE_ROOT</string>
			</dict>
			<key>F0AAABC4FCF83B50A21EB88B</key>
			<dict>
				<key>explicitFileType</key>
				<string>sourcecode.c.h</string>
				<key>fileEncoding</key>
				<string>30</string>
				<key>isa</key>
				<string>PBXFileReference</string>
				<key>name</key>
				<string>guiTypeText.h</string>
				<key>path</key>
				<string>../../../../Development/openFrameworks/addons/ofxControlPanel/src/guiTypeText.h</string>
				<key>sourceTree</key>
				<string>SOURCE_ROOT</string>
			</dict>
			<key>01A023366473ECEB390DB4DA</key>
			<dict>
				<key>fileRef</key>
				<string>448F9C6E1FF7B70B64DBFFD8</string>
				<key>isa</key>
				<string>PBXBuildFile</string>
			</dict>
			<key>448F9C6E1FF7B70B64DBFFD8</key>
			<dict>
				<key>explicitFileType</key>
				<string>sourcecode.cpp.cpp</string>
				<key>fileEncoding</key>
				<string>30</string>
				<key>isa</key>
				<string>PBXFileReference</string>
				<key>name</key>
				<string>guiTypeText.cpp</string>
				<key>path</key>
				<string>../../../../Development/openFrameworks/addons/ofxControlPanel/src/guiTypeText.cpp</string>
				<key>sourceTree</key>
				<string>SOURCE_ROOT</string>
			</dict>
			<key>3FE24BA65E9DAAE102209A6E</key>
			<dict>
				<key>explicitFileType</key>
				<string>sourcecode.c.h</string>
				<key>fileEncoding</key>
				<string>30</string>
				<key>isa</key>
				<string>PBXFileReference</string>
				<key>name</key>
				<string>guiTypeSlider.h</string>
				<key>path</key>
				<string>../../../../Development/openFrameworks/addons/ofxControlPanel/src/guiTypeSlider.h</string>
				<key>sourceTree</key>
				<string>SOURCE_ROOT</string>
			</dict>
			<key>C92FCDD7F0E57348AD8A0177</key>
			<dict>
				<key>fileRef</key>
				<string>79EED660E44B4BD8535C71A0</string>
				<key>isa</key>
				<string>PBXBuildFile</string>
			</dict>
			<key>79EED660E44B4BD8535C71A0</key>
			<dict>
				<key>explicitFileType</key>
				<string>sourcecode.cpp.cpp</string>
				<key>fileEncoding</key>
				<string>30</string>
				<key>isa</key>
				<string>PBXFileReference</string>
				<key>name</key>
				<string>guiTypeSlider.cpp</string>
				<key>path</key>
				<string>../../../../Development/openFrameworks/addons/ofxControlPanel/src/guiTypeSlider.cpp</string>
				<key>sourceTree</key>
				<string>SOURCE_ROOT</string>
			</dict>
			<key>94179CB6377FBD36DF8EA40A</key>
			<dict>
				<key>explicitFileType</key>
				<string>sourcecode.c.h</string>
				<key>fileEncoding</key>
				<string>30</string>
				<key>isa</key>
				<string>PBXFileReference</string>
				<key>name</key>
				<string>guiTypePanel.h</string>
				<key>path</key>
				<string>../../../../Development/openFrameworks/addons/ofxControlPanel/src/guiTypePanel.h</string>
				<key>sourceTree</key>
				<string>SOURCE_ROOT</string>
			</dict>
			<key>CD6C68F5A9BC1A62B90832D7</key>
			<dict>
				<key>fileRef</key>
				<string>A77DD09418A5C929D8FB6504</string>
				<key>isa</key>
				<string>PBXBuildFile</string>
			</dict>
			<key>A77DD09418A5C929D8FB6504</key>
			<dict>
				<key>explicitFileType</key>
				<string>sourcecode.cpp.cpp</string>
				<key>fileEncoding</key>
				<string>30</string>
				<key>isa</key>
				<string>PBXFileReference</string>
				<key>name</key>
				<string>guiTypePanel.cpp</string>
				<key>path</key>
				<string>../../../../Development/openFrameworks/addons/ofxControlPanel/src/guiTypePanel.cpp</string>
				<key>sourceTree</key>
				<string>SOURCE_ROOT</string>
			</dict>
			<key>DC6E9CA29AAC71BFF0FB8045</key>
			<dict>
				<key>explicitFileType</key>
				<string>sourcecode.c.h</string>
				<key>fileEncoding</key>
				<string>30</string>
				<key>isa</key>
				<string>PBXFileReference</string>
				<key>name</key>
				<string>guiTypeMultiToggle.h</string>
				<key>path</key>
				<string>../../../../Development/openFrameworks/addons/ofxControlPanel/src/guiTypeMultiToggle.h</string>
				<key>sourceTree</key>
				<string>SOURCE_ROOT</string>
			</dict>
			<key>8C3C8EC69A4D14D0D5DC2AF3</key>
			<dict>
				<key>fileRef</key>
				<string>5E5C83FF2E667DC5E7687EAA</string>
				<key>isa</key>
				<string>PBXBuildFile</string>
			</dict>
			<key>5E5C83FF2E667DC5E7687EAA</key>
			<dict>
				<key>explicitFileType</key>
				<string>sourcecode.cpp.cpp</string>
				<key>fileEncoding</key>
				<string>30</string>
				<key>isa</key>
				<string>PBXFileReference</string>
				<key>name</key>
				<string>guiTypeMultiToggle.cpp</string>
				<key>path</key>
				<string>../../../../Development/openFrameworks/addons/ofxControlPanel/src/guiTypeMultiToggle.cpp</string>
				<key>sourceTree</key>
				<string>SOURCE_ROOT</string>
			</dict>
			<key>4A2B533C68E1984630F0B257</key>
			<dict>
				<key>explicitFileType</key>
				<string>sourcecode.c.h</string>
				<key>fileEncoding</key>
				<string>30</string>
				<key>isa</key>
				<string>PBXFileReference</string>
				<key>name</key>
				<string>guiTypeLogger.h</string>
				<key>path</key>
				<string>../../../../Development/openFrameworks/addons/ofxControlPanel/src/guiTypeLogger.h</string>
				<key>sourceTree</key>
				<string>SOURCE_ROOT</string>
			</dict>
			<key>2495590B7E156B46599E9AEE</key>
			<dict>
				<key>fileRef</key>
				<string>CDCDED10C411CAB19DE3E9C2</string>
				<key>isa</key>
				<string>PBXBuildFile</string>
			</dict>
			<key>CDCDED10C411CAB19DE3E9C2</key>
			<dict>
				<key>explicitFileType</key>
				<string>sourcecode.cpp.cpp</string>
				<key>fileEncoding</key>
				<string>30</string>
				<key>isa</key>
				<string>PBXFileReference</string>
				<key>name</key>
				<string>guiTypeLogger.cpp</string>
				<key>path</key>
				<string>../../../../Development/openFrameworks/addons/ofxControlPanel/src/guiTypeLogger.cpp</string>
				<key>sourceTree</key>
				<string>SOURCE_ROOT</string>
			</dict>
			<key>52CB66EC0FAB5D93458C38D4</key>
			<dict>
				<key>explicitFileType</key>
				<string>sourcecode.c.h</string>
				<key>fileEncoding</key>
				<string>30</string>
				<key>isa</key>
				<string>PBXFileReference</string>
				<key>name</key>
				<string>guiTypeLabel.h</string>
				<key>path</key>
				<string>../../../../Development/openFrameworks/addons/ofxControlPanel/src/guiTypeLabel.h</string>
				<key>sourceTree</key>
				<string>SOURCE_ROOT</string>
			</dict>
			<key>176D7409C404146CD3F1FFAF</key>
			<dict>
				<key>fileRef</key>
				<string>C2DAB6F1034EF79E7D649298</string>
				<key>isa</key>
				<string>PBXBuildFile</string>
			</dict>
			<key>C2DAB6F1034EF79E7D649298</key>
			<dict>
				<key>explicitFileType</key>
				<string>sourcecode.cpp.cpp</string>
				<key>fileEncoding</key>
				<string>30</string>
				<key>isa</key>
				<string>PBXFileReference</string>
				<key>name</key>
				<string>guiTypeLabel.cpp</string>
				<key>path</key>
				<string>../../../../Development/openFrameworks/addons/ofxControlPanel/src/guiTypeLabel.cpp</string>
				<key>sourceTree</key>
				<string>SOURCE_ROOT</string>
			</dict>
			<key>1FD6F184AC35FA442F044BA3</key>
			<dict>
				<key>explicitFileType</key>
				<string>sourcecode.c.h</string>
				<key>fileEncoding</key>
				<string>30</string>
				<key>isa</key>
				<string>PBXFileReference</string>
				<key>name</key>
				<string>guiTypeFileLister.h</string>
				<key>path</key>
				<string>../../../../Development/openFrameworks/addons/ofxControlPanel/src/guiTypeFileLister.h</string>
				<key>sourceTree</key>
				<string>SOURCE_ROOT</string>
			</dict>
			<key>980A8A3A89936D1EE1386A0D</key>
			<dict>
				<key>fileRef</key>
				<string>0B486D23F72B8BD87DD77A7F</string>
				<key>isa</key>
				<string>PBXBuildFile</string>
			</dict>
			<key>0B486D23F72B8BD87DD77A7F</key>
			<dict>
				<key>explicitFileType</key>
				<string>sourcecode.cpp.cpp</string>
				<key>fileEncoding</key>
				<string>30</string>
				<key>isa</key>
				<string>PBXFileReference</string>
				<key>name</key>
				<string>guiTypeFileLister.cpp</string>
				<key>path</key>
				<string>../../../../Development/openFrameworks/addons/ofxControlPanel/src/guiTypeFileLister.cpp</string>
				<key>sourceTree</key>
				<string>SOURCE_ROOT</string>
			</dict>
			<key>5BEFEEB7C9ACB9A21428732A</key>
			<dict>
				<key>explicitFileType</key>
				<string>sourcecode.c.h</string>
				<key>fileEncoding</key>
				<string>30</string>
				<key>isa</key>
				<string>PBXFileReference</string>
				<key>name</key>
				<string>guiTypeDrawable.h</string>
				<key>path</key>
				<string>../../../../Development/openFrameworks/addons/ofxControlPanel/src/guiTypeDrawable.h</string>
				<key>sourceTree</key>
				<string>SOURCE_ROOT</string>
			</dict>
			<key>EDAA64D26B06C5D04734EFA5</key>
			<dict>
				<key>fileRef</key>
				<string>CD47E3F7830D0E14F435EF83</string>
				<key>isa</key>
				<string>PBXBuildFile</string>
			</dict>
			<key>CD47E3F7830D0E14F435EF83</key>
			<dict>
				<key>explicitFileType</key>
				<string>sourcecode.cpp.cpp</string>
				<key>fileEncoding</key>
				<string>30</string>
				<key>isa</key>
				<string>PBXFileReference</string>
				<key>name</key>
				<string>guiTypeDrawable.cpp</string>
				<key>path</key>
				<string>../../../../Development/openFrameworks/addons/ofxControlPanel/src/guiTypeDrawable.cpp</string>
				<key>sourceTree</key>
				<string>SOURCE_ROOT</string>
			</dict>
			<key>E0E34CE52ED7D06B47C888CB</key>
			<dict>
				<key>explicitFileType</key>
				<string>sourcecode.c.h</string>
				<key>fileEncoding</key>
				<string>30</string>
				<key>isa</key>
				<string>PBXFileReference</string>
				<key>name</key>
				<string>guiTypeCustom.h</string>
				<key>path</key>
				<string>../../../../Development/openFrameworks/addons/ofxControlPanel/src/guiTypeCustom.h</string>
				<key>sourceTree</key>
				<string>SOURCE_ROOT</string>
			</dict>
			<key>EB099AB90DCC284C2CE936DE</key>
			<dict>
				<key>fileRef</key>
				<string>9677C35DF878C14094851973</string>
				<key>isa</key>
				<string>PBXBuildFile</string>
			</dict>
			<key>9677C35DF878C14094851973</key>
			<dict>
				<key>explicitFileType</key>
				<string>sourcecode.cpp.cpp</string>
				<key>fileEncoding</key>
				<string>30</string>
				<key>isa</key>
				<string>PBXFileReference</string>
				<key>name</key>
				<string>guiTypeCustom.cpp</string>
				<key>path</key>
				<string>../../../../Development/openFrameworks/addons/ofxControlPanel/src/guiTypeCustom.cpp</string>
				<key>sourceTree</key>
				<string>SOURCE_ROOT</string>
			</dict>
			<key>FDD581A01FBAC1C47D1E958A</key>
			<dict>
				<key>explicitFileType</key>
				<string>sourcecode.c.h</string>
				<key>fileEncoding</key>
				<string>30</string>
				<key>isa</key>
				<string>PBXFileReference</string>
				<key>name</key>
				<string>guiTypeChartPlotter.h</string>
				<key>path</key>
				<string>../../../../Development/openFrameworks/addons/ofxControlPanel/src/guiTypeChartPlotter.h</string>
				<key>sourceTree</key>
				<string>SOURCE_ROOT</string>
			</dict>
			<key>B64714194202E12E328402C8</key>
			<dict>
				<key>fileRef</key>
				<string>FAE14EFDB7470A541FAE273C</string>
				<key>isa</key>
				<string>PBXBuildFile</string>
			</dict>
			<key>FAE14EFDB7470A541FAE273C</key>
			<dict>
				<key>explicitFileType</key>
				<string>sourcecode.cpp.cpp</string>
				<key>fileEncoding</key>
				<string>30</string>
				<key>isa</key>
				<string>PBXFileReference</string>
				<key>name</key>
				<string>guiTypeChartPlotter.cpp</string>
				<key>path</key>
				<string>../../../../Development/openFrameworks/addons/ofxControlPanel/src/guiTypeChartPlotter.cpp</string>
				<key>sourceTree</key>
				<string>SOURCE_ROOT</string>
			</dict>
			<key>0F3FCC54D33694BD35C37211</key>
			<dict>
				<key>explicitFileType</key>
				<string>sourcecode.c.h</string>
				<key>fileEncoding</key>
				<string>30</string>
				<key>isa</key>
				<string>PBXFileReference</string>
				<key>name</key>
				<string>guiType2DSlider.h</string>
				<key>path</key>
				<string>../../../../Development/openFrameworks/addons/ofxControlPanel/src/guiType2DSlider.h</string>
				<key>sourceTree</key>
				<string>SOURCE_ROOT</string>
			</dict>
			<key>9423A63FF90AEEC59B76336C</key>
			<dict>
				<key>fileRef</key>
				<string>B38127CB7564FA8E4FBF1F8D</string>
				<key>isa</key>
				<string>PBXBuildFile</string>
			</dict>
			<key>B38127CB7564FA8E4FBF1F8D</key>
			<dict>
				<key>explicitFileType</key>
				<string>sourcecode.cpp.cpp</string>
				<key>fileEncoding</key>
				<string>30</string>
				<key>isa</key>
				<string>PBXFileReference</string>
				<key>name</key>
				<string>guiType2DSlider.cpp</string>
				<key>path</key>
				<string>../../../../Development/openFrameworks/addons/ofxControlPanel/src/guiType2DSlider.cpp</string>
				<key>sourceTree</key>
				<string>SOURCE_ROOT</string>
			</dict>
			<key>AC01897A49635ACA12553BDD</key>
			<dict>
				<key>explicitFileType</key>
				<string>sourcecode.c.h</string>
				<key>fileEncoding</key>
				<string>30</string>
				<key>isa</key>
				<string>PBXFileReference</string>
				<key>name</key>
				<string>guiTextBase.h</string>
				<key>path</key>
				<string>../../../../Development/openFrameworks/addons/ofxControlPanel/src/guiTextBase.h</string>
				<key>sourceTree</key>
				<string>SOURCE_ROOT</string>
			</dict>
			<key>BB066C6926DD32BE75168D80</key>
			<dict>
				<key>fileRef</key>
				<string>7B69027C4445BAFA4728A6FF</string>
				<key>isa</key>
				<string>PBXBuildFile</string>
			</dict>
			<key>7B69027C4445BAFA4728A6FF</key>
			<dict>
				<key>explicitFileType</key>
				<string>sourcecode.cpp.cpp</string>
				<key>fileEncoding</key>
				<string>30</string>
				<key>isa</key>
				<string>PBXFileReference</string>
				<key>name</key>
				<string>guiTextBase.cpp</string>
				<key>path</key>
				<string>../../../../Development/openFrameworks/addons/ofxControlPanel/src/guiTextBase.cpp</string>
				<key>sourceTree</key>
				<string>SOURCE_ROOT</string>
			</dict>
			<key>7015D6FF2B1E24862F1D65E1</key>
			<dict>
				<key>explicitFileType</key>
				<string>sourcecode.c.h</string>
				<key>fileEncoding</key>
				<string>30</string>
				<key>isa</key>
				<string>PBXFileReference</string>
				<key>name</key>
				<string>guiIncludes.h</string>
				<key>path</key>
				<string>../../../../Development/openFrameworks/addons/ofxControlPanel/src/guiIncludes.h</string>
				<key>sourceTree</key>
				<string>SOURCE_ROOT</string>
			</dict>
			<key>5280B986E0FADDA04642F203</key>
			<dict>
				<key>explicitFileType</key>
				<string>sourcecode.c.h</string>
				<key>fileEncoding</key>
				<string>30</string>
				<key>isa</key>
				<string>PBXFileReference</string>
				<key>name</key>
				<string>guiCustomImpl.h</string>
				<key>path</key>
				<string>../../../../Development/openFrameworks/addons/ofxControlPanel/src/guiCustomImpl.h</string>
				<key>sourceTree</key>
				<string>SOURCE_ROOT</string>
			</dict>
			<key>CC4ED8084F1C68F9F92FE79B</key>
			<dict>
				<key>explicitFileType</key>
				<string>sourcecode.c.h</string>
				<key>fileEncoding</key>
				<string>30</string>
				<key>isa</key>
				<string>PBXFileReference</string>
				<key>name</key>
				<string>guiColor.h</string>
				<key>path</key>
				<string>../../../../Development/openFrameworks/addons/ofxControlPanel/src/guiColor.h</string>
				<key>sourceTree</key>
				<string>SOURCE_ROOT</string>
			</dict>
			<key>E83B7EA05C84FB3938B9A0E6</key>
			<dict>
				<key>fileRef</key>
				<string>19E1BB5F496555031EFBB7FB</string>
				<key>isa</key>
				<string>PBXBuildFile</string>
			</dict>
			<key>19E1BB5F496555031EFBB7FB</key>
			<dict>
				<key>explicitFileType</key>
				<string>sourcecode.cpp.cpp</string>
				<key>fileEncoding</key>
				<string>30</string>
				<key>isa</key>
				<string>PBXFileReference</string>
				<key>name</key>
				<string>guiColor.cpp</string>
				<key>path</key>
				<string>../../../../Development/openFrameworks/addons/ofxControlPanel/src/guiColor.cpp</string>
				<key>sourceTree</key>
				<string>SOURCE_ROOT</string>
			</dict>
			<key>8549A330EB00ED6B1E6474E9</key>
			<dict>
				<key>explicitFileType</key>
				<string>sourcecode.c.h</string>
				<key>fileEncoding</key>
				<string>30</string>
				<key>isa</key>
				<string>PBXFileReference</string>
				<key>name</key>
				<string>guiCallbackValue.h</string>
				<key>path</key>
				<string>../../../../Development/openFrameworks/addons/ofxControlPanel/src/guiCallbackValue.h</string>
				<key>sourceTree</key>
				<string>SOURCE_ROOT</string>
			</dict>
			<key>3997ED8CB3BECDD676FBDF80</key>
			<dict>
				<key>fileRef</key>
				<string>65E46D1BAB85423C58E7F99D</string>
				<key>isa</key>
				<string>PBXBuildFile</string>
			</dict>
			<key>65E46D1BAB85423C58E7F99D</key>
			<dict>
				<key>explicitFileType</key>
				<string>sourcecode.cpp.cpp</string>
				<key>fileEncoding</key>
				<string>30</string>
				<key>isa</key>
				<string>PBXFileReference</string>
				<key>name</key>
				<string>guiCallbackValue.cpp</string>
				<key>path</key>
				<string>../../../../Development/openFrameworks/addons/ofxControlPanel/src/guiCallbackValue.cpp</string>
				<key>sourceTree</key>
				<string>SOURCE_ROOT</string>
			</dict>
			<key>78C1DB9850DC201A1C2BEB5F</key>
			<dict>
				<key>explicitFileType</key>
				<string>sourcecode.c.h</string>
				<key>fileEncoding</key>
				<string>30</string>
				<key>isa</key>
				<string>PBXFileReference</string>
				<key>name</key>
				<string>guiCallback.h</string>
				<key>path</key>
				<string>../../../../Development/openFrameworks/addons/ofxControlPanel/src/guiCallback.h</string>
				<key>sourceTree</key>
				<string>SOURCE_ROOT</string>
			</dict>
			<key>CFA9D64E4218A46321B13540</key>
			<dict>
				<key>fileRef</key>
				<string>951AEA4462DB186A15C7E4CC</string>
				<key>isa</key>
				<string>PBXBuildFile</string>
			</dict>
			<key>951AEA4462DB186A15C7E4CC</key>
			<dict>
				<key>explicitFileType</key>
				<string>sourcecode.cpp.cpp</string>
				<key>fileEncoding</key>
				<string>30</string>
				<key>isa</key>
				<string>PBXFileReference</string>
				<key>name</key>
				<string>guiCallback.cpp</string>
				<key>path</key>
				<string>../../../../Development/openFrameworks/addons/ofxControlPanel/src/guiCallback.cpp</string>
				<key>sourceTree</key>
				<string>SOURCE_ROOT</string>
			</dict>
			<key>3B6B0025EC876DBDC9C233EE</key>
			<dict>
				<key>explicitFileType</key>
				<string>sourcecode.c.h</string>
				<key>fileEncoding</key>
				<string>30</string>
				<key>isa</key>
				<string>PBXFileReference</string>
				<key>name</key>
				<string>guiBaseObject.h</string>
				<key>path</key>
				<string>../../../../Development/openFrameworks/addons/ofxControlPanel/src/guiBaseObject.h</string>
				<key>sourceTree</key>
				<string>SOURCE_ROOT</string>
			</dict>
			<key>F9E6B680913D8757E21C58B5</key>
			<dict>
				<key>children</key>
				<array>
					<string>508205EFC017105DDC45DABC</string>
					<string>3B6B0025EC876DBDC9C233EE</string>
					<string>951AEA4462DB186A15C7E4CC</string>
					<string>78C1DB9850DC201A1C2BEB5F</string>
					<string>65E46D1BAB85423C58E7F99D</string>
					<string>8549A330EB00ED6B1E6474E9</string>
					<string>19E1BB5F496555031EFBB7FB</string>
					<string>CC4ED8084F1C68F9F92FE79B</string>
					<string>5280B986E0FADDA04642F203</string>
					<string>7015D6FF2B1E24862F1D65E1</string>
					<string>7B69027C4445BAFA4728A6FF</string>
					<string>AC01897A49635ACA12553BDD</string>
					<string>B38127CB7564FA8E4FBF1F8D</string>
					<string>0F3FCC54D33694BD35C37211</string>
					<string>FAE14EFDB7470A541FAE273C</string>
					<string>FDD581A01FBAC1C47D1E958A</string>
					<string>9677C35DF878C14094851973</string>
					<string>E0E34CE52ED7D06B47C888CB</string>
					<string>CD47E3F7830D0E14F435EF83</string>
					<string>5BEFEEB7C9ACB9A21428732A</string>
					<string>0B486D23F72B8BD87DD77A7F</string>
					<string>1FD6F184AC35FA442F044BA3</string>
					<string>C2DAB6F1034EF79E7D649298</string>
					<string>52CB66EC0FAB5D93458C38D4</string>
					<string>CDCDED10C411CAB19DE3E9C2</string>
					<string>4A2B533C68E1984630F0B257</string>
					<string>5E5C83FF2E667DC5E7687EAA</string>
					<string>DC6E9CA29AAC71BFF0FB8045</string>
					<string>A77DD09418A5C929D8FB6504</string>
					<string>94179CB6377FBD36DF8EA40A</string>
					<string>79EED660E44B4BD8535C71A0</string>
					<string>3FE24BA65E9DAAE102209A6E</string>
					<string>448F9C6E1FF7B70B64DBFFD8</string>
					<string>F0AAABC4FCF83B50A21EB88B</string>
					<string>C2FE6AB43B54464836A9EAAF</string>
					<string>5441F8DA19306411EBD97A75</string>
					<string>77220669EF9A101D92C765D9</string>
					<string>0C78833AE3194957F3412F68</string>
					<string>C9303E42705F6D592A1D28DE</string>
					<string>A4352386327ECF8A5C1E015F</string>
					<string>DE64DCB36317713BB34EA290</string>
					<string>D9EE6507CE57DEF5C73E7DD0</string>
					<string>AF38C11C7EFFEB9809BB1F71</string>
					<string>F16C63054AE18A7403C791F3</string>
					<string>F2F4E8469F1BFC726B56983B</string>
					<string>604BA8D85F0887C7E34FF584</string>
					<string>364E589B7457857CA1E248DA</string>
					<string>9448DB68CC325B17B32FB67A</string>
					<string>AC58CBE350733AA12711C546</string>
					<string>2F8B382E0C51AE10AB783D3F</string>
					<string>6DEB4926EE3FDB871F6B52D4</string>
					<string>E90E0D6DDB055BF3A0DCF570</string>
					<string>9E0EB1B61ED1F15450D1CDC5</string>
				</array>
				<key>isa</key>
				<string>PBXGroup</string>
				<key>name</key>
				<string>src</string>
				<key>sourceTree</key>
				<string>&lt;group&gt;</string>
			</dict>
			<key>3598F21374BFCA3EDCE76F18</key>
			<dict>
				<key>children</key>
				<array>
					<string>F9E6B680913D8757E21C58B5</string>
				</array>
				<key>isa</key>
				<string>PBXGroup</string>
				<key>name</key>
				<string>ofxControlPanel</string>
				<key>sourceTree</key>
				<string>&lt;group&gt;</string>
			</dict>
			<key>CF32C770ABB3375A96B3D6F7</key>
			<dict>
				<key>fileRef</key>
				<string>508205EFC017105DDC45DABC</string>
				<key>isa</key>
				<string>PBXBuildFile</string>
			</dict>
			<key>508205EFC017105DDC45DABC</key>
			<dict>
				<key>explicitFileType</key>
				<string>sourcecode.cpp.cpp</string>
				<key>fileEncoding</key>
				<string>30</string>
				<key>isa</key>
				<string>PBXFileReference</string>
				<key>name</key>
				<string>guiBaseObject.cpp</string>
				<key>path</key>
				<string>../../../../Development/openFrameworks/addons/ofxControlPanel/src/guiBaseObject.cpp</string>
				<key>sourceTree</key>
				<string>SOURCE_ROOT</string>
			</dict>
			<key>314B48946EAEB7CE4F13A91C</key>
			<dict>
				<key>explicitFileType</key>
				<string>sourcecode.c.h</string>
				<key>fileEncoding</key>
				<string>30</string>
				<key>isa</key>
				<string>PBXFileReference</string>
				<key>name</key>
				<string>ofxSunrise.h</string>
				<key>path</key>
				<string>src/ofxSunrise.h</string>
				<key>sourceTree</key>
				<string>SOURCE_ROOT</string>
			</dict>
			<key>52D569881EBA6D8C09F83DB8</key>
			<dict>
				<key>fileRef</key>
				<string>92EDB63D027A1ECFDB375C65</string>
				<key>isa</key>
				<string>PBXBuildFile</string>
			</dict>
			<key>92EDB63D027A1ECFDB375C65</key>
			<dict>
				<key>explicitFileType</key>
				<string>sourcecode.cpp.cpp</string>
				<key>fileEncoding</key>
				<string>30</string>
				<key>isa</key>
				<string>PBXFileReference</string>
				<key>name</key>
				<string>ofxSunrise.cpp</string>
				<key>path</key>
				<string>src/ofxSunrise.cpp</string>
				<key>sourceTree</key>
				<string>SOURCE_ROOT</string>
			</dict>
			<key>AD517A26893C80F239B9B2E1</key>
			<dict>
				<key>explicitFileType</key>
				<string>sourcecode.c.h</string>
				<key>fileEncoding</key>
				<string>30</string>
				<key>isa</key>
				<string>PBXFileReference</string>
				<key>name</key>
				<string>ofxFACTLiverpoolScreen.h</string>
				<key>path</key>
				<string>src/ofxFACTLiverpoolScreen.h</string>
				<key>sourceTree</key>
				<string>SOURCE_ROOT</string>
			</dict>
			<key>1568BB697723FFB5A0F051E4</key>
			<dict>
				<key>fileRef</key>
				<string>993884CC7DC57102E6C4909D</string>
				<key>isa</key>
				<string>PBXBuildFile</string>
			</dict>
			<key>993884CC7DC57102E6C4909D</key>
			<dict>
				<key>explicitFileType</key>
				<string>sourcecode.cpp.cpp</string>
				<key>fileEncoding</key>
				<string>30</string>
				<key>isa</key>
				<string>PBXFileReference</string>
				<key>name</key>
				<string>ofxFACTLiverpoolScreen.cpp</string>
				<key>path</key>
				<string>src/ofxFACTLiverpoolScreen.cpp</string>
				<key>sourceTree</key>
				<string>SOURCE_ROOT</string>
			</dict>
			<key>BB4B014C10F69532006C3DED</key>
			<dict>
				<key>children</key>
				<array>
					<string>3598F21374BFCA3EDCE76F18</string>
					<string>18240ECCE4076FB0833A8578</string>
					<string>1F4FB5C423662B96ADFDCC0B</string>
				</array>
				<key>isa</key>
				<string>PBXGroup</string>
				<key>name</key>
				<string>addons</string>
				<key>sourceTree</key>
				<string>&lt;group&gt;</string>
			</dict>
			<key>6948EE371B920CB800B5AC1A</key>
			<dict>
				<key>children</key>
				<array />
				<key>isa</key>
				<string>PBXGroup</string>
				<key>name</key>
				<string>local_addons</string>
				<key>sourceTree</key>
				<string>&lt;group&gt;</string>
			</dict>
			<key>E4328143138ABC890047C5CB</key>
			<dict>
				<key>isa</key>
				<string>PBXFileReference</string>
				<key>lastKnownFileType</key>
				<string>wrapper.pb-project</string>
				<key>name</key>
				<string>openFrameworksLib.xcodeproj</string>
				<key>path</key>
				<string>../../../../Development/openFrameworks/libs/openFrameworksCompiled/project/osx/openFrameworksLib.xcodeproj</string>
				<key>sourceTree</key>
				<string>SOURCE_ROOT</string>
			</dict>
			<key>E4328144138ABC890047C5CB</key>
			<dict>
				<key>children</key>
				<array>
					<string>E4328148138ABC890047C5CB</string>
				</array>
				<key>isa</key>
				<string>PBXGroup</string>
				<key>name</key>
				<string>Products</string>
				<key>sourceTree</key>
				<string>&lt;group&gt;</string>
			</dict>
			<key>E4328147138ABC890047C5CB</key>
			<dict>
				<key>containerPortal</key>
				<string>E4328143138ABC890047C5CB</string>
				<key>isa</key>
				<string>PBXContainerItemProxy</string>
				<key>proxyType</key>
				<string>2</string>
				<key>remoteGlobalIDString</key>
				<string>E4B27C1510CBEB8E00536013</string>
				<key>remoteInfo</key>
				<string>openFrameworks</string>
			</dict>
			<key>E4328148138ABC890047C5CB</key>
			<dict>
				<key>fileType</key>
				<string>archive.ar</string>
				<key>isa</key>
				<string>PBXReferenceProxy</string>
				<key>path</key>
				<string>openFrameworksDebug.a</string>
				<key>remoteRef</key>
				<string>E4328147138ABC890047C5CB</string>
				<key>sourceTree</key>
				<string>BUILT_PRODUCTS_DIR</string>
			</dict>
			<key>E4328149138ABC9F0047C5CB</key>
			<dict>
				<key>fileRef</key>
				<string>E4328148138ABC890047C5CB</string>
				<key>isa</key>
				<string>PBXBuildFile</string>
			</dict>
			<key>E4B69B4A0A3A1720003C02F2</key>
			<dict>
				<key>children</key>
				<array>
					<string>E4B6FCAD0C3E899E008CF71C</string>
					<string>E4EB6923138AFD0F00A09F29</string>
					<string>E4B69E1C0A3A1BDC003C02F2</string>
					<string>E4EEC9E9138DF44700A80321</string>
					<string>BB4B014C10F69532006C3DED</string>
					<string>6948EE371B920CB800B5AC1A</string>
					<string>E4B69B5B0A3A1756003C02F2</string>
				</array>
				<key>isa</key>
				<string>PBXGroup</string>
				<key>sourceTree</key>
				<string>&lt;group&gt;</string>
			</dict>
			<key>E4B69B4C0A3A1720003C02F2</key>
			<dict>
				<key>attributes</key>
				<dict>
					<key>LastUpgradeCheck</key>
					<string>0600</string>
				</dict>
				<key>buildConfigurationList</key>
				<string>E4B69B4D0A3A1720003C02F2</string>
				<key>compatibilityVersion</key>
				<string>Xcode 3.2</string>
				<key>developmentRegion</key>
				<string>English</string>
				<key>hasScannedForEncodings</key>
				<string>0</string>
				<key>isa</key>
				<string>PBXProject</string>
				<key>knownRegions</key>
				<array>
					<string>English</string>
					<string>Japanese</string>
					<string>French</string>
					<string>German</string>
				</array>
				<key>mainGroup</key>
				<string>E4B69B4A0A3A1720003C02F2</string>
				<key>productRefGroup</key>
				<string>E4B69B4A0A3A1720003C02F2</string>
				<key>projectDirPath</key>
				<string />
				<key>projectReferences</key>
				<array>
					<dict>
						<key>ProductGroup</key>
						<string>E4328144138ABC890047C5CB</string>
						<key>ProjectRef</key>
						<string>E4328143138ABC890047C5CB</string>
					</dict>
				</array>
				<key>projectRoot</key>
				<string />
				<key>targets</key>
				<array>
					<string>E4B69B5A0A3A1756003C02F2</string>
				</array>
			</dict>
			<key>E4B69B4D0A3A1720003C02F2</key>
			<dict>
				<key>buildConfigurations</key>
				<array>
					<string>E4B69B4E0A3A1720003C02F2</string>
					<string>E4B69B4F0A3A1720003C02F2</string>
				</array>
				<key>defaultConfigurationIsVisible</key>
				<string>0</string>
				<key>defaultConfigurationName</key>
				<string>Release</string>
				<key>isa</key>
				<string>XCConfigurationList</string>
			</dict>
			<key>E4B69B4E0A3A1720003C02F2</key>
			<dict>
				<key>baseConfigurationReference</key>
				<string>E4EB6923138AFD0F00A09F29</string>
				<key>buildSettings</key>
				<dict>
					<key>HEADER_SEARCH_PATHS</key>
					<array>
						<string>$(OF_CORE_HEADERS)</string>
						<string>src</string>
						<string>../../../../Development/openFrameworks/addons/ofxControlPanel/src</string>
						<string>../../../../Development/openFrameworks/addons/ofxNetwork/src</string>
						<string>../../../../Development/openFrameworks/addons/ofxXmlSettings/libs</string>
						<string>../../../../Development/openFrameworks/addons/ofxXmlSettings/src</string>
					</array>
					<key>CONFIGURATION_BUILD_DIR</key>
					<string>$(SRCROOT)/bin/</string>
					<key>COPY_PHASE_STRIP</key>
					<string>NO</string>
					<key>DEAD_CODE_STRIPPING</key>
					<string>YES</string>
					<key>GCC_AUTO_VECTORIZATION</key>
					<string>YES</string>
					<key>GCC_ENABLE_SSE3_EXTENSIONS</key>
					<string>YES</string>
					<key>GCC_ENABLE_SUPPLEMENTAL_SSE3_INSTRUCTIONS</key>
					<string>YES</string>
					<key>GCC_INLINES_ARE_PRIVATE_EXTERN</key>
					<string>NO</string>
					<key>GCC_OPTIMIZATION_LEVEL</key>
					<string>0</string>
					<key>GCC_SYMBOLS_PRIVATE_EXTERN</key>
					<string>NO</string>
					<key>GCC_WARN_ABOUT_DEPRECATED_FUNCTIONS</key>
					<string>YES</string>
					<key>GCC_WARN_ABOUT_INVALID_OFFSETOF_MACRO</key>
					<string>NO</string>
					<key>GCC_WARN_ALLOW_INCOMPLETE_PROTOCOL</key>
					<string>NO</string>
					<key>GCC_WARN_UNINITIALIZED_AUTOS</key>
					<string>NO</string>
					<key>GCC_WARN_UNUSED_VALUE</key>
					<string>NO</string>
					<key>GCC_WARN_UNUSED_VARIABLE</key>
					<string>NO</string>
					<key>MACOSX_DEPLOYMENT_TARGET</key>
					<string>10.8</string>
					<key>ONLY_ACTIVE_ARCH</key>
					<string>YES</string>
					<key>OTHER_CPLUSPLUSFLAGS</key>
					<array>
						<string>-D__MACOSX_CORE__</string>
						<string>-mtune=native</string>
					</array>
					<key>SDKROOT</key>
					<string>macosx</string>
				</dict>
				<key>isa</key>
				<string>XCBuildConfiguration</string>
				<key>name</key>
				<string>Debug</string>
			</dict>
			<key>E4B69B4F0A3A1720003C02F2</key>
			<dict>
				<key>baseConfigurationReference</key>
				<string>E4EB6923138AFD0F00A09F29</string>
				<key>buildSettings</key>
				<dict>
					<key>HEADER_SEARCH_PATHS</key>
					<array>
						<string>$(OF_CORE_HEADERS)</string>
						<string>src</string>
						<string>../../../../Development/openFrameworks/addons/ofxControlPanel/src</string>
						<string>../../../../Development/openFrameworks/addons/ofxNetwork/src</string>
						<string>../../../../Development/openFrameworks/addons/ofxXmlSettings/libs</string>
						<string>../../../../Development/openFrameworks/addons/ofxXmlSettings/src</string>
					</array>
					<key>CONFIGURATION_BUILD_DIR</key>
					<string>$(SRCROOT)/bin/</string>
					<key>COPY_PHASE_STRIP</key>
					<string>YES</string>
					<key>DEAD_CODE_STRIPPING</key>
					<string>YES</string>
					<key>GCC_AUTO_VECTORIZATION</key>
					<string>YES</string>
					<key>GCC_ENABLE_SSE3_EXTENSIONS</key>
					<string>YES</string>
					<key>GCC_ENABLE_SUPPLEMENTAL_SSE3_INSTRUCTIONS</key>
					<string>YES</string>
					<key>GCC_INLINES_ARE_PRIVATE_EXTERN</key>
					<string>NO</string>
					<key>GCC_OPTIMIZATION_LEVEL</key>
					<string>3</string>
					<key>GCC_SYMBOLS_PRIVATE_EXTERN</key>
					<string>NO</string>
					<key>GCC_UNROLL_LOOPS</key>
					<string>YES</string>
					<key>GCC_WARN_ABOUT_DEPRECATED_FUNCTIONS</key>
					<string>YES</string>
					<key>GCC_WARN_ABOUT_INVALID_OFFSETOF_MACRO</key>
					<string>NO</string>
					<key>GCC_WARN_ALLOW_INCOMPLETE_PROTOCOL</key>
					<string>NO</string>
					<key>GCC_WARN_UNINITIALIZED_AUTOS</key>
					<string>NO</string>
					<key>GCC_WARN_UNUSED_VALUE</key>
					<string>NO</string>
					<key>GCC_WARN_UNUSED_VARIABLE</key>
					<string>NO</string>
					<key>MACOSX_DEPLOYMENT_TARGET</key>
					<string>10.8</string>
					<key>OTHER_CPLUSPLUSFLAGS</key>
					<array>
						<string>-D__MACOSX_CORE__</string>
						<string>-mtune=native</string>
					</array>
					<key>SDKROOT</key>
					<string>macosx</string>
				</dict>
				<key>isa</key>
				<string>XCBuildConfiguration</string>
				<key>name</key>
				<string>Release</string>
			</dict>
			<key>E4B69B580A3A1756003C02F2</key>
			<dict>
				<key>buildActionMask</key>
				<string>2147483647</string>
				<key>files</key>
				<array>
					<string>E4B69E200A3A1BDC003C02F2</string>
					<string>E4B69E210A3A1BDC003C02F2</string>
					<string>1568BB697723FFB5A0F051E4</string>
					<string>52D569881EBA6D8C09F83DB8</string>
					<string>CF32C770ABB3375A96B3D6F7</string>
					<string>CFA9D64E4218A46321B13540</string>
					<string>3997ED8CB3BECDD676FBDF80</string>
					<string>E83B7EA05C84FB3938B9A0E6</string>
					<string>BB066C6926DD32BE75168D80</string>
					<string>9423A63FF90AEEC59B76336C</string>
					<string>B64714194202E12E328402C8</string>
					<string>EB099AB90DCC284C2CE936DE</string>
					<string>EDAA64D26B06C5D04734EFA5</string>
					<string>980A8A3A89936D1EE1386A0D</string>
					<string>176D7409C404146CD3F1FFAF</string>
					<string>2495590B7E156B46599E9AEE</string>
					<string>8C3C8EC69A4D14D0D5DC2AF3</string>
					<string>CD6C68F5A9BC1A62B90832D7</string>
					<string>C92FCDD7F0E57348AD8A0177</string>
					<string>01A023366473ECEB390DB4DA</string>
					<string>895454003EB0CB66CA37679A</string>
					<string>A83B949DBDC2E4EFFD46EF1C</string>
					<string>2B66DCCDCCBE804B5B2BC8C1</string>
					<string>BBFB3F5C13CC51B673D94D25</string>
					<string>8E9348FA7E667C0B69489890</string>
					<string>7C1A08832EEBCB770342B9FC</string>
					<string>E97F4EBE30B150CD021567BA</string>
					<string>997585696364F3F382EC20EB</string>
					<string>DF4C86C900726DEAF35B3096</string>
					<string>3189869373EA8C9C8F21669E</string>
					<string>10593705C0581C82EE7C144F</string>
					<string>0389FEAD67BE23F496C4EA55</string>
					<string>F85AE647E98B6D57C648C9D3</string>
					<string>448FD24D3A3A908F39BC850F</string>
					<string>48FC330F244CC66A0EDE9497</string>
					<string>F6A817C573B948C13FA18B9E</string>
					<string>AD4DE0EF2FCABE9B92CCB4C3</string>
				</array>
				<key>isa</key>
				<string>PBXSourcesBuildPhase</string>
				<key>runOnlyForDeploymentPostprocessing</key>
				<string>0</string>
			</dict>
			<key>E4B69B590A3A1756003C02F2</key>
			<dict>
				<key>buildActionMask</key>
				<string>2147483647</string>
				<key>files</key>
				<array>
					<string>E4328149138ABC9F0047C5CB</string>
				</array>
				<key>isa</key>
				<string>PBXFrameworksBuildPhase</string>
				<key>runOnlyForDeploymentPostprocessing</key>
				<string>0</string>
			</dict>
			<key>E4B69B5A0A3A1756003C02F2</key>
			<dict>
				<key>buildConfigurationList</key>
				<string>E4B69B5F0A3A1757003C02F2</string>
				<key>buildPhases</key>
				<array>
					<string>E4B69B580A3A1756003C02F2</string>
					<string>E4B69B590A3A1756003C02F2</string>
					<string>E4B6FFFD0C3F9AB9008CF71C</string>
					<string>E4C2427710CC5ABF004149E2</string>
				</array>
				<key>buildRules</key>
				<array />
				<key>dependencies</key>
				<array>
					<string>E4EEB9AC138B136A00A80321</string>
				</array>
				<key>isa</key>
				<string>PBXNativeTarget</string>
				<key>name</key>
				<string>pixelReceiver</string>
				<key>productName</key>
				<string>myOFApp</string>
				<key>productReference</key>
				<string>E4B69B5B0A3A1756003C02F2</string>
				<key>productType</key>
				<string>com.apple.product-type.application</string>
			</dict>
			<key>E4B69B5B0A3A1756003C02F2</key>
			<dict>
				<key>explicitFileType</key>
				<string>wrapper.application</string>
				<key>includeInIndex</key>
				<string>0</string>
				<key>isa</key>
				<string>PBXFileReference</string>
				<key>path</key>
				<string>pixelReceiverDebug.app</string>
				<key>sourceTree</key>
				<string>BUILT_PRODUCTS_DIR</string>
			</dict>
			<key>E4B69B5F0A3A1757003C02F2</key>
			<dict>
				<key>buildConfigurations</key>
				<array>
					<string>E4B69B600A3A1757003C02F2</string>
					<string>E4B69B610A3A1757003C02F2</string>
				</array>
				<key>defaultConfigurationIsVisible</key>
				<string>0</string>
				<key>defaultConfigurationName</key>
				<string>Release</string>
				<key>isa</key>
				<string>XCConfigurationList</string>
			</dict>
			<key>E4B69B600A3A1757003C02F2</key>
			<dict>
				<key>baseConfigurationReference</key>
				<string>E4EB6923138AFD0F00A09F29</string>
				<key>buildSettings</key>
				<dict>
					<key>HEADER_SEARCH_PATHS</key>
					<array>
						<string>$(OF_CORE_HEADERS)</string>
						<string>src</string>
						<string>../../../../Development/openFrameworks/addons/ofxControlPanel/src</string>
						<string>../../../../Development/openFrameworks/addons/ofxNetwork/src</string>
						<string>../../../../Development/openFrameworks/addons/ofxXmlSettings/libs</string>
						<string>../../../../Development/openFrameworks/addons/ofxXmlSettings/src</string>
					</array>
					<key>COMBINE_HIDPI_IMAGES</key>
					<string>YES</string>
					<key>COPY_PHASE_STRIP</key>
					<string>NO</string>
					<key>FRAMEWORK_SEARCH_PATHS</key>
					<array>
						<string>$(inherited)</string>
						<string>$(FRAMEWORK_SEARCH_PATHS_QUOTED_FOR_TARGET_1)</string>
					</array>
					<key>FRAMEWORK_SEARCH_PATHS_QUOTED_FOR_TARGET_1</key>
					<string>"$(SRCROOT)/../../../../Development/openFrameworks/libs/glut/lib/osx"</string>
					<key>GCC_DYNAMIC_NO_PIC</key>
					<string>NO</string>
					<key>GCC_GENERATE_DEBUGGING_SYMBOLS</key>
					<string>YES</string>
					<key>GCC_MODEL_TUNING</key>
					<string>NONE</string>
					<key>ICON</key>
					<string>$(ICON_NAME_DEBUG)</string>
					<key>ICON_FILE</key>
					<string>$(ICON_FILE_PATH)$(ICON)</string>
					<key>INFOPLIST_FILE</key>
					<string>openFrameworks-Info.plist</string>
					<key>INSTALL_PATH</key>
					<string>$(HOME)/Applications</string>
					<key>LIBRARY_SEARCH_PATHS</key>
					<string>$(inherited)</string>
					<key>PRODUCT_NAME</key>
					<string>$(TARGET_NAME)Debug</string>
					<key>WRAPPER_EXTENSION</key>
					<string>app</string>
				</dict>
				<key>isa</key>
				<string>XCBuildConfiguration</string>
				<key>name</key>
				<string>Debug</string>
			</dict>
			<key>E4B69B610A3A1757003C02F2</key>
			<dict>
				<key>baseConfigurationReference</key>
				<string>E4EB6923138AFD0F00A09F29</string>
				<key>buildSettings</key>
				<dict>
					<key>HEADER_SEARCH_PATHS</key>
					<array>
						<string>$(OF_CORE_HEADERS)</string>
						<string>src</string>
						<string>../../../../Development/openFrameworks/addons/ofxControlPanel/src</string>
						<string>../../../../Development/openFrameworks/addons/ofxNetwork/src</string>
						<string>../../../../Development/openFrameworks/addons/ofxXmlSettings/libs</string>
						<string>../../../../Development/openFrameworks/addons/ofxXmlSettings/src</string>
					</array>
					<key>COMBINE_HIDPI_IMAGES</key>
					<string>YES</string>
					<key>COPY_PHASE_STRIP</key>
					<string>YES</string>
					<key>FRAMEWORK_SEARCH_PATHS</key>
					<array>
						<string>$(inherited)</string>
						<string>$(FRAMEWORK_SEARCH_PATHS_QUOTED_FOR_TARGET_1)</string>
					</array>
					<key>FRAMEWORK_SEARCH_PATHS_QUOTED_FOR_TARGET_1</key>
					<string>"$(SRCROOT)/../../../../Development/openFrameworks/libs/glut/lib/osx"</string>
					<key>GCC_GENERATE_DEBUGGING_SYMBOLS</key>
					<string>YES</string>
					<key>GCC_MODEL_TUNING</key>
					<string>NONE</string>
					<key>ICON</key>
					<string>$(ICON_NAME_RELEASE)</string>
					<key>ICON_FILE</key>
					<string>$(ICON_FILE_PATH)$(ICON)</string>
					<key>INFOPLIST_FILE</key>
					<string>openFrameworks-Info.plist</string>
					<key>INSTALL_PATH</key>
					<string>$(HOME)/Applications</string>
					<key>LIBRARY_SEARCH_PATHS</key>
					<string>$(inherited)</string>
					<key>PRODUCT_NAME</key>
					<string>$(TARGET_NAME)</string>
					<key>WRAPPER_EXTENSION</key>
					<string>app</string>
					<key>baseConfigurationReference</key>
					<string>E4EB6923138AFD0F00A09F29</string>
				</dict>
				<key>isa</key>
				<string>XCBuildConfiguration</string>
				<key>name</key>
				<string>Release</string>
			</dict>
			<key>E4B69E1C0A3A1BDC003C02F2</key>
			<dict>
				<key>children</key>
				<array>
					<string>E4B69E1D0A3A1BDC003C02F2</string>
					<string>E4B69E1E0A3A1BDC003C02F2</string>
					<string>E4B69E1F0A3A1BDC003C02F2</string>
					<string>993884CC7DC57102E6C4909D</string>
					<string>AD517A26893C80F239B9B2E1</string>
					<string>92EDB63D027A1ECFDB375C65</string>
					<string>314B48946EAEB7CE4F13A91C</string>
				</array>
				<key>isa</key>
				<string>PBXGroup</string>
				<key>path</key>
				<string>src</string>
				<key>sourceTree</key>
				<string>SOURCE_ROOT</string>
			</dict>
			<key>E4B69E1D0A3A1BDC003C02F2</key>
			<dict>
				<key>fileEncoding</key>
				<string>30</string>
				<key>isa</key>
				<string>PBXFileReference</string>
				<key>lastKnownFileType</key>
				<string>sourcecode.cpp.cpp</string>
				<key>name</key>
				<string>main.cpp</string>
				<key>path</key>
				<string>src/main.cpp</string>
				<key>sourceTree</key>
				<string>SOURCE_ROOT</string>
			</dict>
			<key>E4B69E1E0A3A1BDC003C02F2</key>
			<dict>
				<key>explicitFileType</key>
				<string>sourcecode.cpp.cpp</string>
				<key>fileEncoding</key>
				<string>30</string>
				<key>isa</key>
				<string>PBXFileReference</string>
				<key>name</key>
				<string>ofApp.cpp</string>
				<key>path</key>
				<string>src/ofApp.cpp</string>
				<key>sourceTree</key>
				<string>SOURCE_ROOT</string>
			</dict>
			<key>E4B69E1F0A3A1BDC003C02F2</key>
			<dict>
				<key>fileEncoding</key>
				<string>30</string>
				<key>isa</key>
				<string>PBXFileReference</string>
				<key>lastKnownFileType</key>
				<string>sourcecode.c.h</string>
				<key>name</key>
				<string>ofApp.h</string>
				<key>path</key>
				<string>src/ofApp.h</string>
				<key>sourceTree</key>
				<string>SOURCE_ROOT</string>
			</dict>
			<key>E4B69E200A3A1BDC003C02F2</key>
			<dict>
				<key>fileRef</key>
				<string>E4B69E1D0A3A1BDC003C02F2</string>
				<key>isa</key>
				<string>PBXBuildFile</string>
			</dict>
			<key>E4B69E210A3A1BDC003C02F2</key>
			<dict>
				<key>fileRef</key>
				<string>E4B69E1E0A3A1BDC003C02F2</string>
				<key>isa</key>
				<string>PBXBuildFile</string>
			</dict>
			<key>E4B6FCAD0C3E899E008CF71C</key>
			<dict>
				<key>fileEncoding</key>
				<string>30</string>
				<key>isa</key>
				<string>PBXFileReference</string>
				<key>lastKnownFileType</key>
				<string>text.plist.xml</string>
				<key>path</key>
				<string>openFrameworks-Info.plist</string>
				<key>sourceTree</key>
				<string>&lt;group&gt;</string>
			</dict>
			<key>E4B6FFFD0C3F9AB9008CF71C</key>
			<dict>
				<key>buildActionMask</key>
				<string>2147483647</string>
				<key>files</key>
				<array />
				<key>inputPaths</key>
				<array />
				<key>isa</key>
				<string>PBXShellScriptBuildPhase</string>
				<key>outputPaths</key>
				<array />
				<key>runOnlyForDeploymentPostprocessing</key>
				<string>0</string>
				<key>shellPath</key>
				<string>/bin/sh</string>
				<key>shellScript</key>
				<string>rsync -aved ../../../../Development/openFrameworks/libs/fmodex/lib/osx/libfmodex.dylib "$TARGET_BUILD_DIR/$PRODUCT_NAME.app/Contents/MacOS/"; install_name_tool -change ./libfmodex.dylib @executable_path/libfmodex.dylib "$TARGET_BUILD_DIR/$PRODUCT_NAME.app/Contents/MacOS/$PRODUCT_NAME";
mkdir -p "$TARGET_BUILD_DIR/$PRODUCT_NAME.app/Contents/Resources/"
rsync -aved "$ICON_FILE" "$TARGET_BUILD_DIR/$PRODUCT_NAME.app/Contents/Resources/"
rsync -aved ../../../../Development/openFrameworks/libs/glut/lib/osx/GLUT.framework "$TARGET_BUILD_DIR/$PRODUCT_NAME.app/Contents/Frameworks/"
</string>
			</dict>
			<key>E4C2427710CC5ABF004149E2</key>
			<dict>
				<key>buildActionMask</key>
				<string>2147483647</string>
				<key>dstPath</key>
				<string />
				<key>dstSubfolderSpec</key>
				<string>10</string>
				<key>files</key>
				<array />
				<key>isa</key>
				<string>PBXCopyFilesBuildPhase</string>
				<key>runOnlyForDeploymentPostprocessing</key>
				<string>0</string>
			</dict>
			<key>E4EB691F138AFCF100A09F29</key>
			<dict>
				<key>fileEncoding</key>
				<string>4</string>
				<key>isa</key>
				<string>PBXFileReference</string>
				<key>lastKnownFileType</key>
				<string>text.xcconfig</string>
				<key>name</key>
				<string>CoreOF.xcconfig</string>
				<key>path</key>
				<string>../../../../Development/openFrameworks/libs/openFrameworksCompiled/project/osx/CoreOF.xcconfig</string>
				<key>sourceTree</key>
				<string>SOURCE_ROOT</string>
			</dict>
			<key>E4EB6923138AFD0F00A09F29</key>
			<dict>
				<key>fileEncoding</key>
				<string>4</string>
				<key>isa</key>
				<string>PBXFileReference</string>
				<key>lastKnownFileType</key>
				<string>text.xcconfig</string>
				<key>path</key>
				<string>Project.xcconfig</string>
				<key>sourceTree</key>
				<string>&lt;group&gt;</string>
			</dict>
			<key>E4EEB9AB138B136A00A80321</key>
			<dict>
				<key>containerPortal</key>
				<string>E4328143138ABC890047C5CB</string>
				<key>isa</key>
				<string>PBXContainerItemProxy</string>
				<key>proxyType</key>
				<string>1</string>
				<key>remoteGlobalIDString</key>
				<string>E4B27C1410CBEB8E00536013</string>
				<key>remoteInfo</key>
				<string>openFrameworks</string>
			</dict>
			<key>E4EEB9AC138B136A00A80321</key>
			<dict>
				<key>isa</key>
				<string>PBXTargetDependency</string>
				<key>name</key>
				<string>openFrameworks</string>
				<key>targetProxy</key>
				<string>E4EEB9AB138B136A00A80321</string>
			</dict>
			<key>E4EEC9E9138DF44700A80321</key>
			<dict>
				<key>children</key>
				<array>
					<string>E4EB691F138AFCF100A09F29</string>
					<string>E4328143138ABC890047C5CB</string>
				</array>
				<key>isa</key>
				<string>PBXGroup</string>
				<key>name</key>
				<string>openFrameworks</string>
				<key>sourceTree</key>
				<string>&lt;group&gt;</string>
			</dict>
		</dict>
		<key>rootObject</key>
		<string>E4B69B4C0A3A1720003C02F2</string>
	</dict>
</plist>
